
Microsoft Visual Studio Solution File, Format Version 12.00
# Visual Studio Version 17
VisualStudioVersion = 17.11.35222.181
MinimumVisualStudioVersion = 10.0.40219.1
Project("{FAE04EC0-301F-11D3-BF4B-00C04F79EFBC}") = "Ejercicio6", "Ejercicio6.csproj", "{E9D02A19-46CE-492E-9256-E019429D3BCF}"
EndProject
Global
	GlobalSection(SolutionConfigurationPlatforms) = preSolution
		Debug|Any CPU = Debug|Any CPU
		Release|Any CPU = Release|Any CPU
	EndGlobalSection
	GlobalSection(ProjectConfigurationPlatforms) = postSolution
		{E9D02A19-46CE-492E-9256-E019429D3BCF}.Debug|Any CPU.ActiveCfg = Debug|Any CPU
		{E9D02A19-46CE-492E-9256-E019429D3BCF}.Debug|Any CPU.Build.0 = Debug|Any CPU
		{E9D02A19-46CE-492E-9256-E019429D3BCF}.Release|Any CPU.ActiveCfg = Release|Any CPU
		{E9D02A19-46CE-492E-9256-E019429D3BCF}.Release|Any CPU.Build.0 = Release|Any CPU
	EndGlobalSection
	GlobalSection(SolutionProperties) = preSolution
		HideSolutionNode = FALSE
	EndGlobalSection
	GlobalSection(ExtensibilityGlobals) = postSolution
		SolutionGuid = {6A87CABD-9CDE-4533-AE20-B522EF83EA71}
	EndGlobalSection
EndGlobal
